// !$*UTF8*$!
{
	archiveVersion = 1;
	classes = {
	};
	objectVersion = 50;
	objects = {

/* Begin PBXBuildFile section */
		1223F621222584D300BB3E25 /* AppDelegate.swift in Sources */ = {isa = PBXBuildFile; fileRef = 1223F620222584D300BB3E25 /* AppDelegate.swift */; };
		1223F623222584D300BB3E25 /* ContainerViewController.swift in Sources */ = {isa = PBXBuildFile; fileRef = 1223F622222584D300BB3E25 /* ContainerViewController.swift */; };
		1223F628222584D400BB3E25 /* Assets.xcassets in Resources */ = {isa = PBXBuildFile; fileRef = 1223F627222584D400BB3E25 /* Assets.xcassets */; };
		1223F62B222584D400BB3E25 /* LaunchScreen.storyboard in Resources */ = {isa = PBXBuildFile; fileRef = 1223F629222584D400BB3E25 /* LaunchScreen.storyboard */; };
		1223F6362225893A00BB3E25 /* ContainerViewModel.swift in Sources */ = {isa = PBXBuildFile; fileRef = 1223F6352225893A00BB3E25 /* ContainerViewModel.swift */; };
		1223F6382225899600BB3E25 /* DataModel.swift in Sources */ = {isa = PBXBuildFile; fileRef = 1223F6372225899600BB3E25 /* DataModel.swift */; };
		1223F63E22258F4000BB3E25 /* ContainerTableViewCell.swift in Sources */ = {isa = PBXBuildFile; fileRef = 1223F63D22258F4000BB3E25 /* ContainerTableViewCell.swift */; };
		1223F64E222599E000BB3E25 /* Constants.swift in Sources */ = {isa = PBXBuildFile; fileRef = 1223F64D222599E000BB3E25 /* Constants.swift */; };
		1223F65122259AD500BB3E25 /* NetworkClass.swift in Sources */ = {isa = PBXBuildFile; fileRef = 1223F65022259AD500BB3E25 /* NetworkClass.swift */; };
		1223F6E822265E1900BB3E25 /* ContainerTableView.swift in Sources */ = {isa = PBXBuildFile; fileRef = 1223F6E722265E1900BB3E25 /* ContainerTableView.swift */; };
		1223F7052227004000BB3E25 /* LazyImageLoad.swift in Sources */ = {isa = PBXBuildFile; fileRef = 1223F7042227004000BB3E25 /* LazyImageLoad.swift */; };
		1223F70F2227211200BB3E25 /* IosProficiencyExerciseTests.swift in Sources */ = {isa = PBXBuildFile; fileRef = 1223F70E2227211200BB3E25 /* IosProficiencyExerciseTests.swift */; };
		1223F7172227C84D00BB3E25 /* Reachability.swift in Sources */ = {isa = PBXBuildFile; fileRef = 1223F7162227C84D00BB3E25 /* Reachability.swift */; };
		1223F71B2227CBC100BB3E25 /* Localizable.strings in Resources */ = {isa = PBXBuildFile; fileRef = 1223F71D2227CBC100BB3E25 /* Localizable.strings */; };
		1223F7202227CC9200BB3E25 /* StringConstants.swift in Sources */ = {isa = PBXBuildFile; fileRef = 1223F71F2227CC9200BB3E25 /* StringConstants.swift */; };
		7257E6F8DABDEE3649613A95 /* Pods_IosProficiencyExercise.framework in Frameworks */ = {isa = PBXBuildFile; fileRef = C0F321EF37374A8D5C79A499 /* Pods_IosProficiencyExercise.framework */; };
/* End PBXBuildFile section */

/* Begin PBXContainerItemProxy section */
		1223F7112227211200BB3E25 /* PBXContainerItemProxy */ = {
			isa = PBXContainerItemProxy;
			containerPortal = 1223F615222584D300BB3E25 /* Project object */;
			proxyType = 1;
			remoteGlobalIDString = 1223F61C222584D300BB3E25;
			remoteInfo = IosProficiencyExercise;
		};
/* End PBXContainerItemProxy section */

/* Begin PBXFileReference section */
		1223F61D222584D300BB3E25 /* IosProficiencyExercise.app */ = {isa = PBXFileReference; explicitFileType = wrapper.application; includeInIndex = 0; path = IosProficiencyExercise.app; sourceTree = BUILT_PRODUCTS_DIR; };
		1223F620222584D300BB3E25 /* AppDelegate.swift */ = {isa = PBXFileReference; lastKnownFileType = sourcecode.swift; path = AppDelegate.swift; sourceTree = "<group>"; };
		1223F622222584D300BB3E25 /* ContainerViewController.swift */ = {isa = PBXFileReference; lastKnownFileType = sourcecode.swift; path = ContainerViewController.swift; sourceTree = "<group>"; };
		1223F627222584D400BB3E25 /* Assets.xcassets */ = {isa = PBXFileReference; lastKnownFileType = folder.assetcatalog; path = Assets.xcassets; sourceTree = "<group>"; };
		1223F62A222584D400BB3E25 /* Base */ = {isa = PBXFileReference; lastKnownFileType = file.storyboard; name = Base; path = Base.lproj/LaunchScreen.storyboard; sourceTree = "<group>"; };
		1223F62C222584D400BB3E25 /* Info.plist */ = {isa = PBXFileReference; lastKnownFileType = text.plist.xml; path = Info.plist; sourceTree = "<group>"; };
		1223F6352225893A00BB3E25 /* ContainerViewModel.swift */ = {isa = PBXFileReference; lastKnownFileType = sourcecode.swift; path = ContainerViewModel.swift; sourceTree = "<group>"; };
		1223F6372225899600BB3E25 /* DataModel.swift */ = {isa = PBXFileReference; lastKnownFileType = sourcecode.swift; path = DataModel.swift; sourceTree = "<group>"; };
		1223F63D22258F4000BB3E25 /* ContainerTableViewCell.swift */ = {isa = PBXFileReference; lastKnownFileType = sourcecode.swift; path = ContainerTableViewCell.swift; sourceTree = "<group>"; };
		1223F64D222599E000BB3E25 /* Constants.swift */ = {isa = PBXFileReference; lastKnownFileType = sourcecode.swift; path = Constants.swift; sourceTree = "<group>"; };
		1223F65022259AD500BB3E25 /* NetworkClass.swift */ = {isa = PBXFileReference; lastKnownFileType = sourcecode.swift; path = NetworkClass.swift; sourceTree = "<group>"; };
		1223F6E722265E1900BB3E25 /* ContainerTableView.swift */ = {isa = PBXFileReference; fileEncoding = 4; lastKnownFileType = sourcecode.swift; path = ContainerTableView.swift; sourceTree = "<group>"; };
		1223F7042227004000BB3E25 /* LazyImageLoad.swift */ = {isa = PBXFileReference; fileEncoding = 4; lastKnownFileType = sourcecode.swift; path = LazyImageLoad.swift; sourceTree = "<group>"; };
		1223F70C2227211200BB3E25 /* IosProficiencyExerciseTests.xctest */ = {isa = PBXFileReference; explicitFileType = wrapper.cfbundle; includeInIndex = 0; path = IosProficiencyExerciseTests.xctest; sourceTree = BUILT_PRODUCTS_DIR; };
		1223F70E2227211200BB3E25 /* IosProficiencyExerciseTests.swift */ = {isa = PBXFileReference; lastKnownFileType = sourcecode.swift; path = IosProficiencyExerciseTests.swift; sourceTree = "<group>"; };
		1223F7102227211200BB3E25 /* Info.plist */ = {isa = PBXFileReference; lastKnownFileType = text.plist.xml; path = Info.plist; sourceTree = "<group>"; };
		1223F7162227C84D00BB3E25 /* Reachability.swift */ = {isa = PBXFileReference; fileEncoding = 4; lastKnownFileType = sourcecode.swift; path = Reachability.swift; sourceTree = "<group>"; };
		1223F71C2227CBC100BB3E25 /* en */ = {isa = PBXFileReference; lastKnownFileType = text.plist.strings; name = en; path = en.lproj/Localizable.strings; sourceTree = "<group>"; };
		1223F71F2227CC9200BB3E25 /* StringConstants.swift */ = {isa = PBXFileReference; lastKnownFileType = sourcecode.swift; path = StringConstants.swift; sourceTree = "<group>"; };
		6CFE7CA0F724C2C6D06CD8D2 /* Pods-IosProficiencyExercise.release.xcconfig */ = {isa = PBXFileReference; includeInIndex = 1; lastKnownFileType = text.xcconfig; name = "Pods-IosProficiencyExercise.release.xcconfig"; path = "Pods/Target Support Files/Pods-IosProficiencyExercise/Pods-IosProficiencyExercise.release.xcconfig"; sourceTree = "<group>"; };
		783A3E3FF7B5E83610FB9623 /* Pods-IosProficiencyExercise.debug.xcconfig */ = {isa = PBXFileReference; includeInIndex = 1; lastKnownFileType = text.xcconfig; name = "Pods-IosProficiencyExercise.debug.xcconfig"; path = "Pods/Target Support Files/Pods-IosProficiencyExercise/Pods-IosProficiencyExercise.debug.xcconfig"; sourceTree = "<group>"; };
		C0F321EF37374A8D5C79A499 /* Pods_IosProficiencyExercise.framework */ = {isa = PBXFileReference; explicitFileType = wrapper.framework; includeInIndex = 0; path = Pods_IosProficiencyExercise.framework; sourceTree = BUILT_PRODUCTS_DIR; };
/* End PBXFileReference section */

/* Begin PBXFrameworksBuildPhase section */
		1223F61A222584D300BB3E25 /* Frameworks */ = {
			isa = PBXFrameworksBuildPhase;
			buildActionMask = 2147483647;
			files = (
				7257E6F8DABDEE3649613A95 /* Pods_IosProficiencyExercise.framework in Frameworks */,
			);
			runOnlyForDeploymentPostprocessing = 0;
		};
		1223F7092227211200BB3E25 /* Frameworks */ = {
			isa = PBXFrameworksBuildPhase;
			buildActionMask = 2147483647;
			files = (
			);
			runOnlyForDeploymentPostprocessing = 0;
		};
/* End PBXFrameworksBuildPhase section */

/* Begin PBXGroup section */
		1223F614222584D300BB3E25 = {
			isa = PBXGroup;
			children = (
				1223F61F222584D300BB3E25 /* IosProficiencyExercise */,
				1223F70D2227211200BB3E25 /* IosProficiencyExerciseTests */,
				1223F61E222584D300BB3E25 /* Products */,
				65C5EF83EA0D6B955412D185 /* Pods */,
				4479835B80DC8F8321B0111F /* Frameworks */,
			);
			sourceTree = "<group>";
		};
		1223F61E222584D300BB3E25 /* Products */ = {
			isa = PBXGroup;
			children = (
				1223F61D222584D300BB3E25 /* IosProficiencyExercise.app */,
				1223F70C2227211200BB3E25 /* IosProficiencyExerciseTests.xctest */,
			);
			name = Products;
			sourceTree = "<group>";
		};
		1223F61F222584D300BB3E25 /* IosProficiencyExercise */ = {
			isa = PBXGroup;
			children = (
				1223F620222584D300BB3E25 /* AppDelegate.swift */,
				1223F6342225855100BB3E25 /* ViewModel */,
				1223F6332225854800BB3E25 /* View */,
				1223F6322225853C00BB3E25 /* Model */,
				1223F627222584D400BB3E25 /* Assets.xcassets */,
				1223F64F222599FF00BB3E25 /* Utility */,
				1223F629222584D400BB3E25 /* LaunchScreen.storyboard */,
				1223F62C222584D400BB3E25 /* Info.plist */,
				1223F71D2227CBC100BB3E25 /* Localizable.strings */,
			);
			path = IosProficiencyExercise;
			sourceTree = "<group>";
		};
		1223F6322225853C00BB3E25 /* Model */ = {
			isa = PBXGroup;
			children = (
				1223F6372225899600BB3E25 /* DataModel.swift */,
			);
			path = Model;
			sourceTree = "<group>";
		};
		1223F6332225854800BB3E25 /* View */ = {
			isa = PBXGroup;
			children = (
				1223F6E722265E1900BB3E25 /* ContainerTableView.swift */,
				1223F622222584D300BB3E25 /* ContainerViewController.swift */,
				1223F63D22258F4000BB3E25 /* ContainerTableViewCell.swift */,
			);
			path = View;
			sourceTree = "<group>";
		};
		1223F6342225855100BB3E25 /* ViewModel */ = {
			isa = PBXGroup;
			children = (
				1223F6352225893A00BB3E25 /* ContainerViewModel.swift */,
			);
			path = ViewModel;
			sourceTree = "<group>";
		};
		1223F64F222599FF00BB3E25 /* Utility */ = {
			isa = PBXGroup;
			children = (
				1223F71E2227CC7100BB3E25 /* Constants */,
				1223F7032227001E00BB3E25 /* LazyImageLoad */,
				1223F6FC2226DF6500BB3E25 /* Common */,
				1223F6522225A91100BB3E25 /* Network */,
			);
			path = Utility;
			sourceTree = "<group>";
		};
		1223F6522225A91100BB3E25 /* Network */ = {
			isa = PBXGroup;
			children = (
				1223F7162227C84D00BB3E25 /* Reachability.swift */,
				1223F65022259AD500BB3E25 /* NetworkClass.swift */,
			);
			path = Network;
			sourceTree = "<group>";
		};
		1223F6FC2226DF6500BB3E25 /* Common */ = {
			isa = PBXGroup;
			children = (
			);
			path = Common;
			sourceTree = "<group>";
		};
		1223F7032227001E00BB3E25 /* LazyImageLoad */ = {
			isa = PBXGroup;
			children = (
				1223F7042227004000BB3E25 /* LazyImageLoad.swift */,
			);
			path = LazyImageLoad;
			sourceTree = "<group>";
		};
		1223F70D2227211200BB3E25 /* IosProficiencyExerciseTests */ = {
			isa = PBXGroup;
			children = (
				1223F70E2227211200BB3E25 /* IosProficiencyExerciseTests.swift */,
				1223F7102227211200BB3E25 /* Info.plist */,
			);
			path = IosProficiencyExerciseTests;
			sourceTree = "<group>";
		};
		1223F71E2227CC7100BB3E25 /* Constants */ = {
			isa = PBXGroup;
			children = (
				1223F64D222599E000BB3E25 /* Constants.swift */,
				1223F71F2227CC9200BB3E25 /* StringConstants.swift */,
			);
			path = Constants;
			sourceTree = "<group>";
		};
		4479835B80DC8F8321B0111F /* Frameworks */ = {
			isa = PBXGroup;
			children = (
				C0F321EF37374A8D5C79A499 /* Pods_IosProficiencyExercise.framework */,
			);
			name = Frameworks;
			sourceTree = "<group>";
		};
		65C5EF83EA0D6B955412D185 /* Pods */ = {
			isa = PBXGroup;
			children = (
				783A3E3FF7B5E83610FB9623 /* Pods-IosProficiencyExercise.debug.xcconfig */,
				6CFE7CA0F724C2C6D06CD8D2 /* Pods-IosProficiencyExercise.release.xcconfig */,
			);
			name = Pods;
			sourceTree = "<group>";
		};
/* End PBXGroup section */

/* Begin PBXNativeTarget section */
		1223F61C222584D300BB3E25 /* IosProficiencyExercise */ = {
			isa = PBXNativeTarget;
			buildConfigurationList = 1223F62F222584D400BB3E25 /* Build configuration list for PBXNativeTarget "IosProficiencyExercise" */;
			buildPhases = (
				0766E9EDB70B31830147F7F2 /* [CP] Check Pods Manifest.lock */,
				1223F619222584D300BB3E25 /* Sources */,
				1223F61A222584D300BB3E25 /* Frameworks */,
				1223F61B222584D300BB3E25 /* Resources */,
				2C3AD429F2E63BABA3C24D00 /* [CP] Embed Pods Frameworks */,
			);
			buildRules = (
			);
			dependencies = (
			);
			name = IosProficiencyExercise;
			productName = IosProficiencyExercise;
			productReference = 1223F61D222584D300BB3E25 /* IosProficiencyExercise.app */;
			productType = "com.apple.product-type.application";
		};
		1223F70B2227211200BB3E25 /* IosProficiencyExerciseTests */ = {
			isa = PBXNativeTarget;
			buildConfigurationList = 1223F7132227211300BB3E25 /* Build configuration list for PBXNativeTarget "IosProficiencyExerciseTests" */;
			buildPhases = (
				1223F7082227211200BB3E25 /* Sources */,
				1223F7092227211200BB3E25 /* Frameworks */,
				1223F70A2227211200BB3E25 /* Resources */,
			);
			buildRules = (
			);
			dependencies = (
				1223F7122227211200BB3E25 /* PBXTargetDependency */,
			);
			name = IosProficiencyExerciseTests;
			productName = IosProficiencyExerciseTests;
			productReference = 1223F70C2227211200BB3E25 /* IosProficiencyExerciseTests.xctest */;
			productType = "com.apple.product-type.bundle.unit-test";
		};
/* End PBXNativeTarget section */

/* Begin PBXProject section */
		1223F615222584D300BB3E25 /* Project object */ = {
			isa = PBXProject;
			attributes = {
				LastSwiftUpdateCheck = 1010;
				LastUpgradeCheck = 1010;
				ORGANIZATIONNAME = "Abhishek Singh";
				TargetAttributes = {
					1223F61C222584D300BB3E25 = {
						CreatedOnToolsVersion = 10.1;
						LastSwiftMigration = 1010;
					};
					1223F70B2227211200BB3E25 = {
						CreatedOnToolsVersion = 10.1;
						TestTargetID = 1223F61C222584D300BB3E25;
					};
				};
			};
			buildConfigurationList = 1223F618222584D300BB3E25 /* Build configuration list for PBXProject "IosProficiencyExercise" */;
			compatibilityVersion = "Xcode 9.3";
			developmentRegion = en;
			hasScannedForEncodings = 0;
			knownRegions = (
				en,
				Base,
			);
			mainGroup = 1223F614222584D300BB3E25;
			productRefGroup = 1223F61E222584D300BB3E25 /* Products */;
			projectDirPath = "";
			projectRoot = "";
			targets = (
				1223F61C222584D300BB3E25 /* IosProficiencyExercise */,
				1223F70B2227211200BB3E25 /* IosProficiencyExerciseTests */,
			);
		};
/* End PBXProject section */

/* Begin PBXResourcesBuildPhase section */
		1223F61B222584D300BB3E25 /* Resources */ = {
			isa = PBXResourcesBuildPhase;
			buildActionMask = 2147483647;
			files = (
				1223F62B222584D400BB3E25 /* LaunchScreen.storyboard in Resources */,
				1223F71B2227CBC100BB3E25 /* Localizable.strings in Resources */,
				1223F628222584D400BB3E25 /* Assets.xcassets in Resources */,
			);
			runOnlyForDeploymentPostprocessing = 0;
		};
		1223F70A2227211200BB3E25 /* Resources */ = {
			isa = PBXResourcesBuildPhase;
			buildActionMask = 2147483647;
			files = (
			);
			runOnlyForDeploymentPostprocessing = 0;
		};
/* End PBXResourcesBuildPhase section */

/* Begin PBXShellScriptBuildPhase section */
		0766E9EDB70B31830147F7F2 /* [CP] Check Pods Manifest.lock */ = {
			isa = PBXShellScriptBuildPhase;
			buildActionMask = 2147483647;
			files = (
			);
			inputPaths = (
				"${PODS_PODFILE_DIR_PATH}/Podfile.lock",
				"${PODS_ROOT}/Manifest.lock",
			);
			name = "[CP] Check Pods Manifest.lock";
			outputPaths = (
				"$(DERIVED_FILE_DIR)/Pods-IosProficiencyExercise-checkManifestLockResult.txt",
			);
			runOnlyForDeploymentPostprocessing = 0;
			shellPath = /bin/sh;
			shellScript = "diff \"${PODS_PODFILE_DIR_PATH}/Podfile.lock\" \"${PODS_ROOT}/Manifest.lock\" > /dev/null\nif [ $? != 0 ] ; then\n    # print error to STDERR\n    echo \"error: The sandbox is not in sync with the Podfile.lock. Run 'pod install' or update your CocoaPods installation.\" >&2\n    exit 1\nfi\n# This output is used by Xcode 'outputs' to avoid re-running this script phase.\necho \"SUCCESS\" > \"${SCRIPT_OUTPUT_FILE_0}\"\n";
			showEnvVarsInLog = 0;
		};
		2C3AD429F2E63BABA3C24D00 /* [CP] Embed Pods Frameworks */ = {
			isa = PBXShellScriptBuildPhase;
			buildActionMask = 2147483647;
			files = (
			);
			inputPaths = (
				"${SRCROOT}/Pods/Target Support Files/Pods-IosProficiencyExercise/Pods-IosProficiencyExercise-frameworks.sh",
				"${BUILT_PRODUCTS_DIR}/SDWebImage/SDWebImage.framework",
				"${BUILT_PRODUCTS_DIR}/SVProgressHUD/SVProgressHUD.framework",
			);
			name = "[CP] Embed Pods Frameworks";
			outputPaths = (
				"${TARGET_BUILD_DIR}/${FRAMEWORKS_FOLDER_PATH}/SDWebImage.framework",
				"${TARGET_BUILD_DIR}/${FRAMEWORKS_FOLDER_PATH}/SVProgressHUD.framework",
			);
			runOnlyForDeploymentPostprocessing = 0;
			shellPath = /bin/sh;
			shellScript = "\"${SRCROOT}/Pods/Target Support Files/Pods-IosProficiencyExercise/Pods-IosProficiencyExercise-frameworks.sh\"\n";
			showEnvVarsInLog = 0;
		};
/* End PBXShellScriptBuildPhase section */

/* Begin PBXSourcesBuildPhase section */
		1223F619222584D300BB3E25 /* Sources */ = {
			isa = PBXSourcesBuildPhase;
			buildActionMask = 2147483647;
			files = (
				1223F6382225899600BB3E25 /* DataModel.swift in Sources */,
				1223F6E822265E1900BB3E25 /* ContainerTableView.swift in Sources */,
				1223F63E22258F4000BB3E25 /* ContainerTableViewCell.swift in Sources */,
				1223F7052227004000BB3E25 /* LazyImageLoad.swift in Sources */,
				1223F623222584D300BB3E25 /* ContainerViewController.swift in Sources */,
				1223F64E222599E000BB3E25 /* Constants.swift in Sources */,
				1223F65122259AD500BB3E25 /* NetworkClass.swift in Sources */,
				1223F7202227CC9200BB3E25 /* StringConstants.swift in Sources */,
				1223F6362225893A00BB3E25 /* ContainerViewModel.swift in Sources */,
				1223F621222584D300BB3E25 /* AppDelegate.swift in Sources */,
				1223F7172227C84D00BB3E25 /* Reachability.swift in Sources */,
			);
			runOnlyForDeploymentPostprocessing = 0;
		};
		1223F7082227211200BB3E25 /* Sources */ = {
			isa = PBXSourcesBuildPhase;
			buildActionMask = 2147483647;
			files = (
				1223F70F2227211200BB3E25 /* IosProficiencyExerciseTests.swift in Sources */,
			);
			runOnlyForDeploymentPostprocessing = 0;
		};
/* End PBXSourcesBuildPhase section */

/* Begin PBXTargetDependency section */
		1223F7122227211200BB3E25 /* PBXTargetDependency */ = {
			isa = PBXTargetDependency;
			target = 1223F61C222584D300BB3E25 /* IosProficiencyExercise */;
			targetProxy = 1223F7112227211200BB3E25 /* PBXContainerItemProxy */;
		};
/* End PBXTargetDependency section */

/* Begin PBXVariantGroup section */
		1223F629222584D400BB3E25 /* LaunchScreen.storyboard */ = {
			isa = PBXVariantGroup;
			children = (
				1223F62A222584D400BB3E25 /* Base */,
			);
			name = LaunchScreen.storyboard;
			sourceTree = "<group>";
		};
		1223F71D2227CBC100BB3E25 /* Localizable.strings */ = {
			isa = PBXVariantGroup;
			children = (
				1223F71C2227CBC100BB3E25 /* en */,
			);
			name = Localizable.strings;
			sourceTree = "<group>";
		};
/* End PBXVariantGroup section */

/* Begin XCBuildConfiguration section */
		1223F62D222584D400BB3E25 /* Debug */ = {
			isa = XCBuildConfiguration;
			buildSettings = {
				ALWAYS_SEARCH_USER_PATHS = NO;
				CLANG_ANALYZER_LOCALIZABILITY_NONLOCALIZED = YES;
				CLANG_ANALYZER_NONNULL = YES;
				CLANG_ANALYZER_NUMBER_OBJECT_CONVERSION = YES_AGGRESSIVE;
				CLANG_CXX_LANGUAGE_STANDARD = "gnu++14";
				CLANG_CXX_LIBRARY = "libc++";
				CLANG_ENABLE_MODULES = YES;
				CLANG_ENABLE_OBJC_ARC = YES;
				CLANG_ENABLE_OBJC_WEAK = YES;
				CLANG_WARN_BLOCK_CAPTURE_AUTORELEASING = YES;
				CLANG_WARN_BOOL_CONVERSION = YES;
				CLANG_WARN_COMMA = YES;
				CLANG_WARN_CONSTANT_CONVERSION = YES;
				CLANG_WARN_DEPRECATED_OBJC_IMPLEMENTATIONS = YES;
				CLANG_WARN_DIRECT_OBJC_ISA_USAGE = YES_ERROR;
				CLANG_WARN_DOCUMENTATION_COMMENTS = YES;
				CLANG_WARN_EMPTY_BODY = YES;
				CLANG_WARN_ENUM_CONVERSION = YES;
				CLANG_WARN_INFINITE_RECURSION = YES;
				CLANG_WARN_INT_CONVERSION = YES;
				CLANG_WARN_NON_LITERAL_NULL_CONVERSION = YES;
				CLANG_WARN_OBJC_IMPLICIT_RETAIN_SELF = YES;
				CLANG_WARN_OBJC_LITERAL_CONVERSION = YES;
				CLANG_WARN_OBJC_ROOT_CLASS = YES_ERROR;
				CLANG_WARN_RANGE_LOOP_ANALYSIS = YES;
				CLANG_WARN_STRICT_PROTOTYPES = YES;
				CLANG_WARN_SUSPICIOUS_MOVE = YES;
				CLANG_WARN_UNGUARDED_AVAILABILITY = YES_AGGRESSIVE;
				CLANG_WARN_UNREACHABLE_CODE = YES;
				CLANG_WARN__DUPLICATE_METHOD_MATCH = YES;
				CODE_SIGN_IDENTITY = "iPhone Developer";
				COPY_PHASE_STRIP = NO;
				DEBUG_INFORMATION_FORMAT = dwarf;
				ENABLE_STRICT_OBJC_MSGSEND = YES;
				ENABLE_TESTABILITY = YES;
				GCC_C_LANGUAGE_STANDARD = gnu11;
				GCC_DYNAMIC_NO_PIC = NO;
				GCC_NO_COMMON_BLOCKS = YES;
				GCC_OPTIMIZATION_LEVEL = 0;
				GCC_PREPROCESSOR_DEFINITIONS = (
					"DEBUG=1",
					"$(inherited)",
				);
				GCC_WARN_64_TO_32_BIT_CONVERSION = YES;
				GCC_WARN_ABOUT_RETURN_TYPE = YES_ERROR;
				GCC_WARN_UNDECLARED_SELECTOR = YES;
				GCC_WARN_UNINITIALIZED_AUTOS = YES_AGGRESSIVE;
				GCC_WARN_UNUSED_FUNCTION = YES;
				GCC_WARN_UNUSED_VARIABLE = YES;
				IPHONEOS_DEPLOYMENT_TARGET = 10.3;
				MTL_ENABLE_DEBUG_INFO = INCLUDE_SOURCE;
				MTL_FAST_MATH = YES;
				ONLY_ACTIVE_ARCH = YES;
				SDKROOT = iphoneos;
				SWIFT_ACTIVE_COMPILATION_CONDITIONS = DEBUG;
				"SWIFT_OBJC_BRIDGING_HEADER[arch=*]" = "";
				SWIFT_OPTIMIZATION_LEVEL = "-Onone";
			};
			name = Debug;
		};
		1223F62E222584D400BB3E25 /* Release */ = {
			isa = XCBuildConfiguration;
			buildSettings = {
				ALWAYS_SEARCH_USER_PATHS = NO;
				CLANG_ANALYZER_LOCALIZABILITY_NONLOCALIZED = YES;
				CLANG_ANALYZER_NONNULL = YES;
				CLANG_ANALYZER_NUMBER_OBJECT_CONVERSION = YES_AGGRESSIVE;
				CLANG_CXX_LANGUAGE_STANDARD = "gnu++14";
				CLANG_CXX_LIBRARY = "libc++";
				CLANG_ENABLE_MODULES = YES;
				CLANG_ENABLE_OBJC_ARC = YES;
				CLANG_ENABLE_OBJC_WEAK = YES;
				CLANG_WARN_BLOCK_CAPTURE_AUTORELEASING = YES;
				CLANG_WARN_BOOL_CONVERSION = YES;
				CLANG_WARN_COMMA = YES;
				CLANG_WARN_CONSTANT_CONVERSION = YES;
				CLANG_WARN_DEPRECATED_OBJC_IMPLEMENTATIONS = YES;
				CLANG_WARN_DIRECT_OBJC_ISA_USAGE = YES_ERROR;
				CLANG_WARN_DOCUMENTATION_COMMENTS = YES;
				CLANG_WARN_EMPTY_BODY = YES;
				CLANG_WARN_ENUM_CONVERSION = YES;
				CLANG_WARN_INFINITE_RECURSION = YES;
				CLANG_WARN_INT_CONVERSION = YES;
				CLANG_WARN_NON_LITERAL_NULL_CONVERSION = YES;
				CLANG_WARN_OBJC_IMPLICIT_RETAIN_SELF = YES;
				CLANG_WARN_OBJC_LITERAL_CONVERSION = YES;
				CLANG_WARN_OBJC_ROOT_CLASS = YES_ERROR;
				CLANG_WARN_RANGE_LOOP_ANALYSIS = YES;
				CLANG_WARN_STRICT_PROTOTYPES = YES;
				CLANG_WARN_SUSPICIOUS_MOVE = YES;
				CLANG_WARN_UNGUARDED_AVAILABILITY = YES_AGGRESSIVE;
				CLANG_WARN_UNREACHABLE_CODE = YES;
				CLANG_WARN__DUPLICATE_METHOD_MATCH = YES;
				CODE_SIGN_IDENTITY = "iPhone Developer";
				COPY_PHASE_STRIP = NO;
				DEBUG_INFORMATION_FORMAT = "dwarf-with-dsym";
				ENABLE_NS_ASSERTIONS = NO;
				ENABLE_STRICT_OBJC_MSGSEND = YES;
				GCC_C_LANGUAGE_STANDARD = gnu11;
				GCC_NO_COMMON_BLOCKS = YES;
				GCC_WARN_64_TO_32_BIT_CONVERSION = YES;
				GCC_WARN_ABOUT_RETURN_TYPE = YES_ERROR;
				GCC_WARN_UNDECLARED_SELECTOR = YES;
				GCC_WARN_UNINITIALIZED_AUTOS = YES_AGGRESSIVE;
				GCC_WARN_UNUSED_FUNCTION = YES;
				GCC_WARN_UNUSED_VARIABLE = YES;
				IPHONEOS_DEPLOYMENT_TARGET = 10.3;
				MTL_ENABLE_DEBUG_INFO = NO;
				MTL_FAST_MATH = YES;
				SDKROOT = iphoneos;
				SWIFT_COMPILATION_MODE = wholemodule;
				SWIFT_OPTIMIZATION_LEVEL = "-O";
				VALIDATE_PRODUCT = YES;
			};
			name = Release;
		};
		1223F630222584D400BB3E25 /* Debug */ = {
			isa = XCBuildConfiguration;
			baseConfigurationReference = 783A3E3FF7B5E83610FB9623 /* Pods-IosProficiencyExercise.debug.xcconfig */;
			buildSettings = {
				ASSETCATALOG_COMPILER_APPICON_NAME = AppIcon;
				CLANG_ENABLE_MODULES = YES;
				CODE_SIGN_STYLE = Manual;
				DEVELOPMENT_TEAM = MZU2NLA2VP;
				ENABLE_BITCODE = NO;
				INFOPLIST_FILE = IosProficiencyExercise/Info.plist;
				IPHONEOS_DEPLOYMENT_TARGET = 11.0;
				LD_RUNPATH_SEARCH_PATHS = (
					"$(inherited)",
					"@executable_path/Frameworks",
				);
				ONLY_ACTIVE_ARCH = YES;
				OTHER_LDFLAGS = "$(inherited)";
				"OTHER_LDFLAGS[arch=*]" = "$(inherited)";
				PRODUCT_BUNDLE_IDENTIFIER = com.mindtree.iOSProficiencyTest.IosProficiencyExercise;
				PRODUCT_NAME = "$(TARGET_NAME)";
				PROVISIONING_PROFILE_SPECIFIER = MindtreeDeveloperWildcard;
				SWIFT_OBJC_BRIDGING_HEADER = "IosProficiencyExercise/IosProficiencyExercise-Bridging-Header.h";
				SWIFT_OPTIMIZATION_LEVEL = "-Onone";
				SWIFT_VERSION = 4.2;
				TARGETED_DEVICE_FAMILY = "1,2";
				VALID_ARCHS = "arm64 armv7 armv7s arm64e";
			};
			name = Debug;
		};
		1223F631222584D400BB3E25 /* Release */ = {
			isa = XCBuildConfiguration;
			baseConfigurationReference = 6CFE7CA0F724C2C6D06CD8D2 /* Pods-IosProficiencyExercise.release.xcconfig */;
			buildSettings = {
				ASSETCATALOG_COMPILER_APPICON_NAME = AppIcon;
				CLANG_ENABLE_MODULES = YES;
				CODE_SIGN_STYLE = Manual;
				DEVELOPMENT_TEAM = MZU2NLA2VP;
				ENABLE_BITCODE = NO;
				INFOPLIST_FILE = IosProficiencyExercise/Info.plist;
				IPHONEOS_DEPLOYMENT_TARGET = 11.0;
				LD_RUNPATH_SEARCH_PATHS = (
					"$(inherited)",
					"@executable_path/Frameworks",
				);
				ONLY_ACTIVE_ARCH = NO;
				PRODUCT_BUNDLE_IDENTIFIER = com.mindtree.iOSProficiencyTest.IosProficiencyExercise;
				PRODUCT_NAME = "$(TARGET_NAME)";
				PROVISIONING_PROFILE_SPECIFIER = MindtreeDeveloperWildcard;
				SWIFT_OBJC_BRIDGING_HEADER = "IosProficiencyExercise/IosProficiencyExercise-Bridging-Header.h";
				SWIFT_VERSION = 4.2;
				TARGETED_DEVICE_FAMILY = "1,2";
				VALID_ARCHS = "arm64 armv7 armv7s arm64e";
			};
			name = Release;
		};
		1223F7142227211300BB3E25 /* Debug */ = {
			isa = XCBuildConfiguration;
			buildSettings = {
				BUNDLE_LOADER = "$(TEST_HOST)";
				CODE_SIGN_STYLE = Automatic;
				INFOPLIST_FILE = IosProficiencyExerciseTests/Info.plist;
				LD_RUNPATH_SEARCH_PATHS = (
					"$(inherited)",
					"@executable_path/Frameworks",
					"@loader_path/Frameworks",
				);
				PRODUCT_BUNDLE_IDENTIFIER = com.mindtree.iOSProficiencyTest.IosProficiencyExerciseTests;
				PRODUCT_NAME = "$(TARGET_NAME)";
				SWIFT_VERSION = 4.2;
				TARGETED_DEVICE_FAMILY = "1,2";
				TEST_HOST = "$(BUILT_PRODUCTS_DIR)/IosProficiencyExercise.app/IosProficiencyExercise";
			};
			name = Debug;
		};
		1223F7152227211300BB3E25 /* Release */ = {
			isa = XCBuildConfiguration;
			buildSettings = {
				BUNDLE_LOADER = "$(TEST_HOST)";
				CODE_SIGN_STYLE = Automatic;
				INFOPLIST_FILE = IosProficiencyExerciseTests/Info.plist;
				LD_RUNPATH_SEARCH_PATHS = (
					"$(inherited)",
					"@executable_path/Frameworks",
					"@loader_path/Frameworks",
				);
				PRODUCT_BUNDLE_IDENTIFIER = com.mindtree.iOSProficiencyTest.IosProficiencyExerciseTests;
				PRODUCT_NAME = "$(TARGET_NAME)";
				SWIFT_VERSION = 4.2;
				TARGETED_DEVICE_FAMILY = "1,2";
				TEST_HOST = "$(BUILT_PRODUCTS_DIR)/IosProficiencyExercise.app/IosProficiencyExercise";
			};
			name = Release;
		};
/* End XCBuildConfiguration section */

/* Begin XCConfigurationList section */
		1223F618222584D300BB3E25 /* Build configuration list for PBXProject "IosProficiencyExercise" */ = {
			isa = XCConfigurationList;
			buildConfigurations = (
				1223F62D222584D400BB3E25 /* Debug */,
				1223F62E222584D400BB3E25 /* Release */,
			);
			defaultConfigurationIsVisible = 0;
			defaultConfigurationName = Release;
		};
		1223F62F222584D400BB3E25 /* Build configuration list for PBXNativeTarget "IosProficiencyExercise" */ = {
			isa = XCConfigurationList;
			buildConfigurations = (
				1223F630222584D400BB3E25 /* Debug */,
				1223F631222584D400BB3E25 /* Release */,
			);
			defaultConfigurationIsVisible = 0;
			defaultConfigurationName = Release;
		};
		1223F7132227211300BB3E25 /* Build configuration list for PBXNativeTarget "IosProficiencyExerciseTests" */ = {
			isa = XCConfigurationList;
			buildConfigurations = (
				1223F7142227211300BB3E25 /* Debug */,
				1223F7152227211300BB3E25 /* Release */,
			);
			defaultConfigurationIsVisible = 0;
			defaultConfigurationName = Release;
		};
/* End XCConfigurationList section */
	};
	rootObject = 1223F615222584D300BB3E25 /* Project object */;
}
